// !$*UTF8*$!
{
	archiveVersion = 1;
	classes = {
	};
	objectVersion = 46;
	objects = {

/* Begin PBXBuildFile section */
		ED83F5F71D12F27600C6D4F8 /* MEUserSignINUPViewController.m in Sources */ = {isa = PBXBuildFile; fileRef = ED83F5F61D12F27600C6D4F8 /* MEUserSignINUPViewController.m */; };
		ED83F5FA1D1309F500C6D4F8 /* MESignInViewController.m in Sources */ = {isa = PBXBuildFile; fileRef = ED83F5F91D1309F500C6D4F8 /* MESignInViewController.m */; };
		EDCA59881D1112C300B7649D /* main.m in Sources */ = {isa = PBXBuildFile; fileRef = EDCA59871D1112C300B7649D /* main.m */; };
		EDCA598B1D1112C300B7649D /* AppDelegate.m in Sources */ = {isa = PBXBuildFile; fileRef = EDCA598A1D1112C300B7649D /* AppDelegate.m */; };
		EDCA59911D1112C300B7649D /* Main.storyboard in Resources */ = {isa = PBXBuildFile; fileRef = EDCA598F1D1112C300B7649D /* Main.storyboard */; };
		EDCA59941D1112C300B7649D /* ElectronicMagazine.xcdatamodeld in Sources */ = {isa = PBXBuildFile; fileRef = EDCA59921D1112C300B7649D /* ElectronicMagazine.xcdatamodeld */; };
		EDCA59961D1112C300B7649D /* Assets.xcassets in Resources */ = {isa = PBXBuildFile; fileRef = EDCA59951D1112C300B7649D /* Assets.xcassets */; };
		EDCA59991D1112C300B7649D /* LaunchScreen.storyboard in Resources */ = {isa = PBXBuildFile; fileRef = EDCA59971D1112C300B7649D /* LaunchScreen.storyboard */; };
		EDCA59A21D1125F200B7649D /* GoogleService-Info.plist in Resources */ = {isa = PBXBuildFile; fileRef = EDCA59A11D1125F200B7649D /* GoogleService-Info.plist */; };
		EDCA59A51D11327600B7649D /* MEListViewController.m in Sources */ = {isa = PBXBuildFile; fileRef = EDCA59A41D11327600B7649D /* MEListViewController.m */; };
		EDCA59A81D1132F500B7649D /* METabBarViewController.m in Sources */ = {isa = PBXBuildFile; fileRef = EDCA59A71D1132F500B7649D /* METabBarViewController.m */; };
		EDCA59AA1D113FD700B7649D /* Questrial-Regular.ttf in Resources */ = {isa = PBXBuildFile; fileRef = EDCA59A91D113FD700B7649D /* Questrial-Regular.ttf */; };
		EDECCB4B1D11558D002D7330 /* MEListTableViewCell.m in Sources */ = {isa = PBXBuildFile; fileRef = EDECCB4A1D11558D002D7330 /* MEListTableViewCell.m */; };
		EDECCB541D115986002D7330 /* MERoundedImageView.m in Sources */ = {isa = PBXBuildFile; fileRef = EDECCB501D115986002D7330 /* MERoundedImageView.m */; };
		EDECCB561D116039002D7330 /* https-%2F%2Fblueprint-api-production.s3.amazonaws.com%2Fuploads%2Fcard%2Fimage%2F116276%2FWWDCDevelopers.JPG in Resources */ = {isa = PBXBuildFile; fileRef = EDECCB551D116039002D7330 /* https-%2F%2Fblueprint-api-production.s3.amazonaws.com%2Fuploads%2Fcard%2Fimage%2F116276%2FWWDCDevelopers.JPG */; };
		EDECCB581D11607F002D7330 /* 2016%2F02%2F10%2F09%2FScreenShot2.6b632.png in Resources */ = {isa = PBXBuildFile; fileRef = EDECCB571D11607F002D7330 /* 2016%2F02%2F10%2F09%2FScreenShot2.6b632.png */; };
		EDECCB5C1D116EEE002D7330 /* MEApplicationHelper.m in Sources */ = {isa = PBXBuildFile; fileRef = EDECCB5B1D116EEE002D7330 /* MEApplicationHelper.m */; };
		EDECCB611D116F32002D7330 /* Articles+CoreDataProperties.m in Sources */ = {isa = PBXBuildFile; fileRef = EDECCB5E1D116F32002D7330 /* Articles+CoreDataProperties.m */; };
		EDECCB621D116F32002D7330 /* Articles.m in Sources */ = {isa = PBXBuildFile; fileRef = EDECCB601D116F32002D7330 /* Articles.m */; };
		EDECCB681D118C71002D7330 /* MEArticle.m in Sources */ = {isa = PBXBuildFile; fileRef = EDECCB671D118C71002D7330 /* MEArticle.m */; };
		EDECCB721D11A10D002D7330 /* MEAddViewController.m in Sources */ = {isa = PBXBuildFile; fileRef = EDECCB711D11A10D002D7330 /* MEAddViewController.m */; };
		EDECCB7B1D11AF9D002D7330 /* ShareViewController.m in Sources */ = {isa = PBXBuildFile; fileRef = EDECCB7A1D11AF9D002D7330 /* ShareViewController.m */; };
		EDECCB7E1D11AF9D002D7330 /* MainInterface.storyboard in Resources */ = {isa = PBXBuildFile; fileRef = EDECCB7C1D11AF9D002D7330 /* MainInterface.storyboard */; };
		EDECCB831D11AF9D002D7330 /* ElectronicMagazineShare.appex in Embed App Extensions */ = {isa = PBXBuildFile; fileRef = EDECCB771D11AF9D002D7330 /* ElectronicMagazineShare.appex */; settings = {ATTRIBUTES = (RemoveHeadersOnCopy, ); }; };
		EDECCB881D11C38C002D7330 /* Assets.xcassets in Resources */ = {isa = PBXBuildFile; fileRef = EDCA59951D1112C300B7649D /* Assets.xcassets */; };
		FC0786DDB1A697475378A85B /* libPods-ElectronicMagazine.a in Frameworks */ = {isa = PBXBuildFile; fileRef = 336CD1DC15896FF08AE31EF3 /* libPods-ElectronicMagazine.a */; };
/* End PBXBuildFile section */

/* Begin PBXContainerItemProxy section */
		EDECCB801D11AF9D002D7330 /* PBXContainerItemProxy */ = {
			isa = PBXContainerItemProxy;
			containerPortal = EDCA597B1D1112C300B7649D /* Project object */;
			proxyType = 1;
			remoteGlobalIDString = EDECCB761D11AF9D002D7330;
			remoteInfo = ElectronicMagazineShare;
		};
/* End PBXContainerItemProxy section */

/* Begin PBXCopyFilesBuildPhase section */
		EDECCB821D11AF9D002D7330 /* Embed App Extensions */ = {
			isa = PBXCopyFilesBuildPhase;
			buildActionMask = 2147483647;
			dstPath = "";
			dstSubfolderSpec = 13;
			files = (
				EDECCB831D11AF9D002D7330 /* ElectronicMagazineShare.appex in Embed App Extensions */,
			);
			name = "Embed App Extensions";
			runOnlyForDeploymentPostprocessing = 0;
		};
/* End PBXCopyFilesBuildPhase section */

/* Begin PBXFileReference section */
		336CD1DC15896FF08AE31EF3 /* libPods-ElectronicMagazine.a */ = {isa = PBXFileReference; explicitFileType = archive.ar; includeInIndex = 0; path = "libPods-ElectronicMagazine.a"; sourceTree = BUILT_PRODUCTS_DIR; };
		A53D66600F8AE9A920CA8BC6 /* Pods-ElectronicMagazine.release.xcconfig */ = {isa = PBXFileReference; includeInIndex = 1; lastKnownFileType = text.xcconfig; name = "Pods-ElectronicMagazine.release.xcconfig"; path = "Pods/Target Support Files/Pods-ElectronicMagazine/Pods-ElectronicMagazine.release.xcconfig"; sourceTree = "<group>"; };
		A90B175E195E2EC75A867836 /* Pods-ElectronicMagazine.debug.xcconfig */ = {isa = PBXFileReference; includeInIndex = 1; lastKnownFileType = text.xcconfig; name = "Pods-ElectronicMagazine.debug.xcconfig"; path = "Pods/Target Support Files/Pods-ElectronicMagazine/Pods-ElectronicMagazine.debug.xcconfig"; sourceTree = "<group>"; };
		ED83F5F51D12F27600C6D4F8 /* MEUserSignINUPViewController.h */ = {isa = PBXFileReference; fileEncoding = 4; lastKnownFileType = sourcecode.c.h; path = MEUserSignINUPViewController.h; sourceTree = "<group>"; };
		ED83F5F61D12F27600C6D4F8 /* MEUserSignINUPViewController.m */ = {isa = PBXFileReference; fileEncoding = 4; lastKnownFileType = sourcecode.c.objc; path = MEUserSignINUPViewController.m; sourceTree = "<group>"; };
		ED83F5F81D1309F500C6D4F8 /* MESignInViewController.h */ = {isa = PBXFileReference; fileEncoding = 4; lastKnownFileType = sourcecode.c.h; path = MESignInViewController.h; sourceTree = "<group>"; };
		ED83F5F91D1309F500C6D4F8 /* MESignInViewController.m */ = {isa = PBXFileReference; fileEncoding = 4; lastKnownFileType = sourcecode.c.objc; path = MESignInViewController.m; sourceTree = "<group>"; };
		EDCA59831D1112C300B7649D /* ElectronicMagazine.app */ = {isa = PBXFileReference; explicitFileType = wrapper.application; includeInIndex = 0; path = ElectronicMagazine.app; sourceTree = BUILT_PRODUCTS_DIR; };
		EDCA59871D1112C300B7649D /* main.m */ = {isa = PBXFileReference; lastKnownFileType = sourcecode.c.objc; path = main.m; sourceTree = "<group>"; };
		EDCA59891D1112C300B7649D /* AppDelegate.h */ = {isa = PBXFileReference; lastKnownFileType = sourcecode.c.h; path = AppDelegate.h; sourceTree = "<group>"; };
		EDCA598A1D1112C300B7649D /* AppDelegate.m */ = {isa = PBXFileReference; lastKnownFileType = sourcecode.c.objc; path = AppDelegate.m; sourceTree = "<group>"; };
		EDCA59901D1112C300B7649D /* Base */ = {isa = PBXFileReference; lastKnownFileType = file.storyboard; name = Base; path = Base.lproj/Main.storyboard; sourceTree = "<group>"; };
		EDCA59931D1112C300B7649D /* ElectronicMagazine.xcdatamodel */ = {isa = PBXFileReference; lastKnownFileType = wrapper.xcdatamodel; path = ElectronicMagazine.xcdatamodel; sourceTree = "<group>"; };
		EDCA59951D1112C300B7649D /* Assets.xcassets */ = {isa = PBXFileReference; lastKnownFileType = folder.assetcatalog; path = Assets.xcassets; sourceTree = "<group>"; };
		EDCA59981D1112C300B7649D /* Base */ = {isa = PBXFileReference; lastKnownFileType = file.storyboard; name = Base; path = Base.lproj/LaunchScreen.storyboard; sourceTree = "<group>"; };
		EDCA599A1D1112C300B7649D /* Info.plist */ = {isa = PBXFileReference; lastKnownFileType = text.plist.xml; path = Info.plist; sourceTree = "<group>"; };
		EDCA59A01D1116CE00B7649D /* ElectronicMagazine.entitlements */ = {isa = PBXFileReference; lastKnownFileType = text.xml; path = ElectronicMagazine.entitlements; sourceTree = "<group>"; };
		EDCA59A11D1125F200B7649D /* GoogleService-Info.plist */ = {isa = PBXFileReference; fileEncoding = 4; lastKnownFileType = text.plist.xml; path = "GoogleService-Info.plist"; sourceTree = "<group>"; };
		EDCA59A31D11327600B7649D /* MEListViewController.h */ = {isa = PBXFileReference; fileEncoding = 4; lastKnownFileType = sourcecode.c.h; path = MEListViewController.h; sourceTree = "<group>"; };
		EDCA59A41D11327600B7649D /* MEListViewController.m */ = {isa = PBXFileReference; fileEncoding = 4; lastKnownFileType = sourcecode.c.objc; path = MEListViewController.m; sourceTree = "<group>"; };
		EDCA59A61D1132F500B7649D /* METabBarViewController.h */ = {isa = PBXFileReference; fileEncoding = 4; lastKnownFileType = sourcecode.c.h; path = METabBarViewController.h; sourceTree = "<group>"; };
		EDCA59A71D1132F500B7649D /* METabBarViewController.m */ = {isa = PBXFileReference; fileEncoding = 4; lastKnownFileType = sourcecode.c.objc; path = METabBarViewController.m; sourceTree = "<group>"; };
		EDCA59A91D113FD700B7649D /* Questrial-Regular.ttf */ = {isa = PBXFileReference; lastKnownFileType = file; path = "Questrial-Regular.ttf"; sourceTree = "<group>"; };
		EDECCB491D11558D002D7330 /* MEListTableViewCell.h */ = {isa = PBXFileReference; fileEncoding = 4; lastKnownFileType = sourcecode.c.h; path = MEListTableViewCell.h; sourceTree = "<group>"; };
		EDECCB4A1D11558D002D7330 /* MEListTableViewCell.m */ = {isa = PBXFileReference; fileEncoding = 4; lastKnownFileType = sourcecode.c.objc; path = MEListTableViewCell.m; sourceTree = "<group>"; };
		EDECCB4F1D115986002D7330 /* MERoundedImageView.h */ = {isa = PBXFileReference; fileEncoding = 4; lastKnownFileType = sourcecode.c.h; path = MERoundedImageView.h; sourceTree = "<group>"; };
		EDECCB501D115986002D7330 /* MERoundedImageView.m */ = {isa = PBXFileReference; fileEncoding = 4; lastKnownFileType = sourcecode.c.objc; path = MERoundedImageView.m; sourceTree = "<group>"; };
		EDECCB551D116039002D7330 /* https-%2F%2Fblueprint-api-production.s3.amazonaws.com%2Fuploads%2Fcard%2Fimage%2F116276%2FWWDCDevelopers.JPG */ = {isa = PBXFileReference; lastKnownFileType = image.jpeg; path = "https-%2F%2Fblueprint-api-production.s3.amazonaws.com%2Fuploads%2Fcard%2Fimage%2F116276%2FWWDCDevelopers.JPG"; sourceTree = "<group>"; };
		EDECCB571D11607F002D7330 /* 2016%2F02%2F10%2F09%2FScreenShot2.6b632.png */ = {isa = PBXFileReference; lastKnownFileType = image.png; path = "2016%2F02%2F10%2F09%2FScreenShot2.6b632.png"; sourceTree = "<group>"; };
		EDECCB5A1D116EEE002D7330 /* MEApplicationHelper.h */ = {isa = PBXFileReference; fileEncoding = 4; lastKnownFileType = sourcecode.c.h; path = MEApplicationHelper.h; sourceTree = "<group>"; };
		EDECCB5B1D116EEE002D7330 /* MEApplicationHelper.m */ = {isa = PBXFileReference; fileEncoding = 4; lastKnownFileType = sourcecode.c.objc; path = MEApplicationHelper.m; sourceTree = "<group>"; };
		EDECCB5D1D116F32002D7330 /* Articles+CoreDataProperties.h */ = {isa = PBXFileReference; fileEncoding = 4; lastKnownFileType = sourcecode.c.h; path = "Articles+CoreDataProperties.h"; sourceTree = "<group>"; };
		EDECCB5E1D116F32002D7330 /* Articles+CoreDataProperties.m */ = {isa = PBXFileReference; fileEncoding = 4; lastKnownFileType = sourcecode.c.objc; path = "Articles+CoreDataProperties.m"; sourceTree = "<group>"; };
		EDECCB5F1D116F32002D7330 /* Articles.h */ = {isa = PBXFileReference; fileEncoding = 4; lastKnownFileType = sourcecode.c.h; path = Articles.h; sourceTree = "<group>"; };
		EDECCB601D116F32002D7330 /* Articles.m */ = {isa = PBXFileReference; fileEncoding = 4; lastKnownFileType = sourcecode.c.objc; path = Articles.m; sourceTree = "<group>"; };
		EDECCB661D118C71002D7330 /* MEArticle.h */ = {isa = PBXFileReference; fileEncoding = 4; lastKnownFileType = sourcecode.c.h; path = MEArticle.h; sourceTree = "<group>"; };
		EDECCB671D118C71002D7330 /* MEArticle.m */ = {isa = PBXFileReference; fileEncoding = 4; lastKnownFileType = sourcecode.c.objc; path = MEArticle.m; sourceTree = "<group>"; };
		EDECCB701D11A10D002D7330 /* MEAddViewController.h */ = {isa = PBXFileReference; fileEncoding = 4; lastKnownFileType = sourcecode.c.h; path = MEAddViewController.h; sourceTree = "<group>"; };
		EDECCB711D11A10D002D7330 /* MEAddViewController.m */ = {isa = PBXFileReference; fileEncoding = 4; lastKnownFileType = sourcecode.c.objc; path = MEAddViewController.m; sourceTree = "<group>"; };
		EDECCB771D11AF9D002D7330 /* ElectronicMagazineShare.appex */ = {isa = PBXFileReference; explicitFileType = "wrapper.app-extension"; includeInIndex = 0; path = ElectronicMagazineShare.appex; sourceTree = BUILT_PRODUCTS_DIR; };
		EDECCB791D11AF9D002D7330 /* ShareViewController.h */ = {isa = PBXFileReference; lastKnownFileType = sourcecode.c.h; path = ShareViewController.h; sourceTree = "<group>"; };
		EDECCB7A1D11AF9D002D7330 /* ShareViewController.m */ = {isa = PBXFileReference; lastKnownFileType = sourcecode.c.objc; path = ShareViewController.m; sourceTree = "<group>"; };
		EDECCB7D1D11AF9D002D7330 /* Base */ = {isa = PBXFileReference; lastKnownFileType = file.storyboard; name = Base; path = Base.lproj/MainInterface.storyboard; sourceTree = "<group>"; };
		EDECCB7F1D11AF9D002D7330 /* Info.plist */ = {isa = PBXFileReference; lastKnownFileType = text.plist.xml; path = Info.plist; sourceTree = "<group>"; };
		EDECCB871D11B1AE002D7330 /* ElectronicMagazineShare.entitlements */ = {isa = PBXFileReference; lastKnownFileType = text.xml; path = ElectronicMagazineShare.entitlements; sourceTree = "<group>"; };
/* End PBXFileReference section */

/* Begin PBXFrameworksBuildPhase section */
		EDCA59801D1112C300B7649D /* Frameworks */ = {
			isa = PBXFrameworksBuildPhase;
			buildActionMask = 2147483647;
			files = (
				FC0786DDB1A697475378A85B /* libPods-ElectronicMagazine.a in Frameworks */,
			);
			runOnlyForDeploymentPostprocessing = 0;
		};
		EDECCB741D11AF9D002D7330 /* Frameworks */ = {
			isa = PBXFrameworksBuildPhase;
			buildActionMask = 2147483647;
			files = (
			);
			runOnlyForDeploymentPostprocessing = 0;
		};
/* End PBXFrameworksBuildPhase section */

/* Begin PBXGroup section */
		42203C615ACB3C713A163FB1 /* Pods */ = {
			isa = PBXGroup;
			children = (
				A90B175E195E2EC75A867836 /* Pods-ElectronicMagazine.debug.xcconfig */,
				A53D66600F8AE9A920CA8BC6 /* Pods-ElectronicMagazine.release.xcconfig */,
			);
			name = Pods;
			sourceTree = "<group>";
		};
		C3B8AFD962C337CDD275B596 /* Frameworks */ = {
			isa = PBXGroup;
			children = (
				336CD1DC15896FF08AE31EF3 /* libPods-ElectronicMagazine.a */,
			);
			name = Frameworks;
			sourceTree = "<group>";
		};
		ED83F5551D12E92F00C6D4F8 /* User SignIn-Up */ = {
			isa = PBXGroup;
			children = (
				ED83F5F51D12F27600C6D4F8 /* MEUserSignINUPViewController.h */,
				ED83F5F61D12F27600C6D4F8 /* MEUserSignINUPViewController.m */,
				ED83F5F81D1309F500C6D4F8 /* MESignInViewController.h */,
				ED83F5F91D1309F500C6D4F8 /* MESignInViewController.m */,
			);
			name = "User SignIn-Up";
			sourceTree = "<group>";
		};
		EDCA597A1D1112C300B7649D = {
			isa = PBXGroup;
			children = (
				EDCA59851D1112C300B7649D /* ElectronicMagazine */,
				EDECCB781D11AF9D002D7330 /* ElectronicMagazineShare */,
				EDCA59841D1112C300B7649D /* Products */,
				42203C615ACB3C713A163FB1 /* Pods */,
				C3B8AFD962C337CDD275B596 /* Frameworks */,
			);
			sourceTree = "<group>";
		};
		EDCA59841D1112C300B7649D /* Products */ = {
			isa = PBXGroup;
			children = (
				EDCA59831D1112C300B7649D /* ElectronicMagazine.app */,
				EDECCB771D11AF9D002D7330 /* ElectronicMagazineShare.appex */,
			);
			name = Products;
			sourceTree = "<group>";
		};
		EDCA59851D1112C300B7649D /* ElectronicMagazine */ = {
			isa = PBXGroup;
			children = (
				EDECCB591D116EDF002D7330 /* Modal Classes */,
				EDECCB521D115986002D7330 /* Custom UI */,
				EDECCB441D115173002D7330 /* Resources */,
				EDECCB421D115154002D7330 /* Tab Bar */,
				EDCA59A01D1116CE00B7649D /* ElectronicMagazine.entitlements */,
				EDECCB551D116039002D7330 /* https-%2F%2Fblueprint-api-production.s3.amazonaws.com%2Fuploads%2Fcard%2Fimage%2F116276%2FWWDCDevelopers.JPG */,
				EDECCB571D11607F002D7330 /* 2016%2F02%2F10%2F09%2FScreenShot2.6b632.png */,
				EDCA59891D1112C300B7649D /* AppDelegate.h */,
				EDCA598A1D1112C300B7649D /* AppDelegate.m */,
				EDCA598F1D1112C300B7649D /* Main.storyboard */,
				EDCA59951D1112C300B7649D /* Assets.xcassets */,
				EDCA59971D1112C300B7649D /* LaunchScreen.storyboard */,
				EDCA599A1D1112C300B7649D /* Info.plist */,
				EDCA59A11D1125F200B7649D /* GoogleService-Info.plist */,
				EDCA59921D1112C300B7649D /* ElectronicMagazine.xcdatamodeld */,
				EDCA59861D1112C300B7649D /* Supporting Files */,
			);
			path = ElectronicMagazine;
			sourceTree = "<group>";
		};
		EDCA59861D1112C300B7649D /* Supporting Files */ = {
			isa = PBXGroup;
			children = (
				EDCA59871D1112C300B7649D /* main.m */,
			);
			name = "Supporting Files";
			sourceTree = "<group>";
		};
		EDECCB421D115154002D7330 /* Tab Bar */ = {
			isa = PBXGroup;
			children = (
				ED83F5551D12E92F00C6D4F8 /* User SignIn-Up */,
				EDCA59A61D1132F500B7649D /* METabBarViewController.h */,
				EDCA59A71D1132F500B7649D /* METabBarViewController.m */,
				EDECCB431D11515F002D7330 /* List View */,
			);
			name = "Tab Bar";
			sourceTree = "<group>";
		};
		EDECCB431D11515F002D7330 /* List View */ = {
			isa = PBXGroup;
			children = (
				EDCA59A31D11327600B7649D /* MEListViewController.h */,
				EDCA59A41D11327600B7649D /* MEListViewController.m */,
				EDECCB691D119B21002D7330 /* Add New */,
				EDECCB451D1151A2002D7330 /* Cell */,
			);
			name = "List View";
			sourceTree = "<group>";
		};
		EDECCB441D115173002D7330 /* Resources */ = {
			isa = PBXGroup;
			children = (
				EDCA59A91D113FD700B7649D /* Questrial-Regular.ttf */,
			);
			name = Resources;
			sourceTree = "<group>";
		};
		EDECCB451D1151A2002D7330 /* Cell */ = {
			isa = PBXGroup;
			children = (
				EDECCB491D11558D002D7330 /* MEListTableViewCell.h */,
				EDECCB4A1D11558D002D7330 /* MEListTableViewCell.m */,
			);
			name = Cell;
			sourceTree = "<group>";
		};
		EDECCB511D115986002D7330 /* Rounded ImageView */ = {
			isa = PBXGroup;
			children = (
				EDECCB4F1D115986002D7330 /* MERoundedImageView.h */,
				EDECCB501D115986002D7330 /* MERoundedImageView.m */,
			);
			name = "Rounded ImageView";
			sourceTree = "<group>";
		};
		EDECCB521D115986002D7330 /* Custom UI */ = {
			isa = PBXGroup;
			children = (
				EDECCB511D115986002D7330 /* Rounded ImageView */,
			);
			name = "Custom UI";
			path = "../../MAG-E/MAG-E";
			sourceTree = "<group>";
		};
		EDECCB591D116EDF002D7330 /* Modal Classes */ = {
			isa = PBXGroup;
			children = (
				EDECCB631D116F38002D7330 /* Core Data */,
				EDECCB5A1D116EEE002D7330 /* MEApplicationHelper.h */,
				EDECCB5B1D116EEE002D7330 /* MEApplicationHelper.m */,
			);
			name = "Modal Classes";
			sourceTree = "<group>";
		};
		EDECCB631D116F38002D7330 /* Core Data */ = {
			isa = PBXGroup;
			children = (
				EDECCB5D1D116F32002D7330 /* Articles+CoreDataProperties.h */,
				EDECCB5E1D116F32002D7330 /* Articles+CoreDataProperties.m */,
				EDECCB5F1D116F32002D7330 /* Articles.h */,
				EDECCB601D116F32002D7330 /* Articles.m */,
				EDECCB661D118C71002D7330 /* MEArticle.h */,
				EDECCB671D118C71002D7330 /* MEArticle.m */,
			);
			name = "Core Data";
			sourceTree = "<group>";
		};
		EDECCB691D119B21002D7330 /* Add New */ = {
			isa = PBXGroup;
			children = (
				EDECCB701D11A10D002D7330 /* MEAddViewController.h */,
				EDECCB711D11A10D002D7330 /* MEAddViewController.m */,
			);
			name = "Add New";
			sourceTree = "<group>";
		};
		EDECCB781D11AF9D002D7330 /* ElectronicMagazineShare */ = {
			isa = PBXGroup;
			children = (
				EDECCB871D11B1AE002D7330 /* ElectronicMagazineShare.entitlements */,
				EDECCB791D11AF9D002D7330 /* ShareViewController.h */,
				EDECCB7A1D11AF9D002D7330 /* ShareViewController.m */,
				EDECCB7C1D11AF9D002D7330 /* MainInterface.storyboard */,
				EDECCB7F1D11AF9D002D7330 /* Info.plist */,
			);
			path = ElectronicMagazineShare;
			sourceTree = "<group>";
		};
/* End PBXGroup section */

/* Begin PBXNativeTarget section */
		EDCA59821D1112C300B7649D /* ElectronicMagazine */ = {
			isa = PBXNativeTarget;
			buildConfigurationList = EDCA599D1D1112C300B7649D /* Build configuration list for PBXNativeTarget "ElectronicMagazine" */;
			buildPhases = (
				073AB0D89CD2AF97DA364817 /* [CP] Check Pods Manifest.lock */,
				EDCA597F1D1112C300B7649D /* Sources */,
				EDCA59801D1112C300B7649D /* Frameworks */,
				EDCA59811D1112C300B7649D /* Resources */,
				D43E98ECD1D04276F9ADAD31 /* [CP] Embed Pods Frameworks */,
				5C80572A90958BA7F8926E0E /* [CP] Copy Pods Resources */,
				EDECCB821D11AF9D002D7330 /* Embed App Extensions */,
			);
			buildRules = (
			);
			dependencies = (
				EDECCB811D11AF9D002D7330 /* PBXTargetDependency */,
			);
			name = ElectronicMagazine;
			productName = ElectronicMagazine;
			productReference = EDCA59831D1112C300B7649D /* ElectronicMagazine.app */;
			productType = "com.apple.product-type.application";
		};
		EDECCB761D11AF9D002D7330 /* ElectronicMagazineShare */ = {
			isa = PBXNativeTarget;
			buildConfigurationList = EDECCB841D11AF9D002D7330 /* Build configuration list for PBXNativeTarget "ElectronicMagazineShare" */;
			buildPhases = (
				EDECCB731D11AF9D002D7330 /* Sources */,
				EDECCB741D11AF9D002D7330 /* Frameworks */,
				EDECCB751D11AF9D002D7330 /* Resources */,
			);
			buildRules = (
			);
			dependencies = (
			);
			name = ElectronicMagazineShare;
			productName = ElectronicMagazineShare;
			productReference = EDECCB771D11AF9D002D7330 /* ElectronicMagazineShare.appex */;
			productType = "com.apple.product-type.app-extension";
		};
/* End PBXNativeTarget section */

/* Begin PBXProject section */
		EDCA597B1D1112C300B7649D /* Project object */ = {
			isa = PBXProject;
			attributes = {
				CLASSPREFIX = ME;
				LastUpgradeCheck = 0730;
				ORGANIZATIONNAME = "Abbin Varghese";
				TargetAttributes = {
					EDCA59821D1112C300B7649D = {
						CreatedOnToolsVersion = 7.3;
						DevelopmentTeam = BZKHJ5BM3B;
						SystemCapabilities = {
							com.apple.ApplicationGroups.iOS = {
								enabled = 1;
							};
							com.apple.Push = {
								enabled = 1;
							};
						};
					};
					EDECCB761D11AF9D002D7330 = {
						CreatedOnToolsVersion = 7.3;
						DevelopmentTeam = BZKHJ5BM3B;
						SystemCapabilities = {
							com.apple.ApplicationGroups.iOS = {
								enabled = 1;
							};
						};
					};
				};
			};
			buildConfigurationList = EDCA597E1D1112C300B7649D /* Build configuration list for PBXProject "ElectronicMagazine" */;
			compatibilityVersion = "Xcode 3.2";
			developmentRegion = English;
			hasScannedForEncodings = 0;
			knownRegions = (
				en,
				Base,
			);
			mainGroup = EDCA597A1D1112C300B7649D;
			productRefGroup = EDCA59841D1112C300B7649D /* Products */;
			projectDirPath = "";
			projectRoot = "";
			targets = (
				EDCA59821D1112C300B7649D /* ElectronicMagazine */,
				EDECCB761D11AF9D002D7330 /* ElectronicMagazineShare */,
			);
		};
/* End PBXProject section */

/* Begin PBXResourcesBuildPhase section */
		EDCA59811D1112C300B7649D /* Resources */ = {
			isa = PBXResourcesBuildPhase;
			buildActionMask = 2147483647;
			files = (
				EDCA59991D1112C300B7649D /* LaunchScreen.storyboard in Resources */,
				EDCA59A21D1125F200B7649D /* GoogleService-Info.plist in Resources */,
				EDECCB581D11607F002D7330 /* 2016%2F02%2F10%2F09%2FScreenShot2.6b632.png in Resources */,
				EDCA59961D1112C300B7649D /* Assets.xcassets in Resources */,
				EDECCB561D116039002D7330 /* https-%2F%2Fblueprint-api-production.s3.amazonaws.com%2Fuploads%2Fcard%2Fimage%2F116276%2FWWDCDevelopers.JPG in Resources */,
				EDCA59AA1D113FD700B7649D /* Questrial-Regular.ttf in Resources */,
				EDCA59911D1112C300B7649D /* Main.storyboard in Resources */,
			);
			runOnlyForDeploymentPostprocessing = 0;
		};
		EDECCB751D11AF9D002D7330 /* Resources */ = {
			isa = PBXResourcesBuildPhase;
			buildActionMask = 2147483647;
			files = (
				EDECCB881D11C38C002D7330 /* Assets.xcassets in Resources */,
				EDECCB7E1D11AF9D002D7330 /* MainInterface.storyboard in Resources */,
			);
			runOnlyForDeploymentPostprocessing = 0;
		};
/* End PBXResourcesBuildPhase section */

/* Begin PBXShellScriptBuildPhase section */
		073AB0D89CD2AF97DA364817 /* [CP] Check Pods Manifest.lock */ = {
			isa = PBXShellScriptBuildPhase;
			buildActionMask = 2147483647;
			files = (
			);
			inputPaths = (
			);
			name = "[CP] Check Pods Manifest.lock";
			outputPaths = (
			);
			runOnlyForDeploymentPostprocessing = 0;
			shellPath = /bin/sh;
			shellScript = "diff \"${PODS_ROOT}/../Podfile.lock\" \"${PODS_ROOT}/Manifest.lock\" > /dev/null\nif [[ $? != 0 ]] ; then\n    cat << EOM\nerror: The sandbox is not in sync with the Podfile.lock. Run 'pod install' or update your CocoaPods installation.\nEOM\n    exit 1\nfi\n";
			showEnvVarsInLog = 0;
		};
		5C80572A90958BA7F8926E0E /* [CP] Copy Pods Resources */ = {
			isa = PBXShellScriptBuildPhase;
			buildActionMask = 2147483647;
			files = (
			);
			inputPaths = (
			);
			name = "[CP] Copy Pods Resources";
			outputPaths = (
			);
			runOnlyForDeploymentPostprocessing = 0;
			shellPath = /bin/sh;
			shellScript = "\"${SRCROOT}/Pods/Target Support Files/Pods-ElectronicMagazine/Pods-ElectronicMagazine-resources.sh\"\n";
			showEnvVarsInLog = 0;
		};
		D43E98ECD1D04276F9ADAD31 /* [CP] Embed Pods Frameworks */ = {
			isa = PBXShellScriptBuildPhase;
			buildActionMask = 2147483647;
			files = (
			);
			inputPaths = (
			);
			name = "[CP] Embed Pods Frameworks";
			outputPaths = (
			);
			runOnlyForDeploymentPostprocessing = 0;
			shellPath = /bin/sh;
			shellScript = "\"${SRCROOT}/Pods/Target Support Files/Pods-ElectronicMagazine/Pods-ElectronicMagazine-frameworks.sh\"\n";
			showEnvVarsInLog = 0;
		};
/* End PBXShellScriptBuildPhase section */

/* Begin PBXSourcesBuildPhase section */
		EDCA597F1D1112C300B7649D /* Sources */ = {
			isa = PBXSourcesBuildPhase;
			buildActionMask = 2147483647;
			files = (
				EDECCB541D115986002D7330 /* MERoundedImageView.m in Sources */,
				ED83F5F71D12F27600C6D4F8 /* MEUserSignINUPViewController.m in Sources */,
				EDECCB681D118C71002D7330 /* MEArticle.m in Sources */,
				EDCA598B1D1112C300B7649D /* AppDelegate.m in Sources */,
				EDCA59881D1112C300B7649D /* main.m in Sources */,
				EDCA59A51D11327600B7649D /* MEListViewController.m in Sources */,
				EDECCB621D116F32002D7330 /* Articles.m in Sources */,
				EDECCB721D11A10D002D7330 /* MEAddViewController.m in Sources */,
				ED83F5FA1D1309F500C6D4F8 /* MESignInViewController.m in Sources */,
				EDECCB611D116F32002D7330 /* Articles+CoreDataProperties.m in Sources */,
				EDCA59941D1112C300B7649D /* ElectronicMagazine.xcdatamodeld in Sources */,
				EDCA59A81D1132F500B7649D /* METabBarViewController.m in Sources */,
				EDECCB5C1D116EEE002D7330 /* MEApplicationHelper.m in Sources */,
				EDECCB4B1D11558D002D7330 /* MEListTableViewCell.m in Sources */,
			);
			runOnlyForDeploymentPostprocessing = 0;
		};
		EDECCB731D11AF9D002D7330 /* Sources */ = {
			isa = PBXSourcesBuildPhase;
			buildActionMask = 2147483647;
			files = (
				EDECCB7B1D11AF9D002D7330 /* ShareViewController.m in Sources */,
			);
			runOnlyForDeploymentPostprocessing = 0;
		};
/* End PBXSourcesBuildPhase section */

/* Begin PBXTargetDependency section */
		EDECCB811D11AF9D002D7330 /* PBXTargetDependency */ = {
			isa = PBXTargetDependency;
			target = EDECCB761D11AF9D002D7330 /* ElectronicMagazineShare */;
			targetProxy = EDECCB801D11AF9D002D7330 /* PBXContainerItemProxy */;
		};
/* End PBXTargetDependency section */

/* Begin PBXVariantGroup section */
		EDCA598F1D1112C300B7649D /* Main.storyboard */ = {
			isa = PBXVariantGroup;
			children = (
				EDCA59901D1112C300B7649D /* Base */,
			);
			name = Main.storyboard;
			sourceTree = "<group>";
		};
		EDCA59971D1112C300B7649D /* LaunchScreen.storyboard */ = {
			isa = PBXVariantGroup;
			children = (
				EDCA59981D1112C300B7649D /* Base */,
			);
			name = LaunchScreen.storyboard;
			sourceTree = "<group>";
		};
		EDECCB7C1D11AF9D002D7330 /* MainInterface.storyboard */ = {
			isa = PBXVariantGroup;
			children = (
				EDECCB7D1D11AF9D002D7330 /* Base */,
			);
			name = MainInterface.storyboard;
			sourceTree = "<group>";
		};
/* End PBXVariantGroup section */

/* Begin XCBuildConfiguration section */
		EDCA599B1D1112C300B7649D /* Debug */ = {
			isa = XCBuildConfiguration;
			buildSettings = {
				ALWAYS_SEARCH_USER_PATHS = NO;
				CLANG_ANALYZER_NONNULL = YES;
				CLANG_CXX_LANGUAGE_STANDARD = "gnu++0x";
				CLANG_CXX_LIBRARY = "libc++";
				CLANG_ENABLE_MODULES = YES;
				CLANG_ENABLE_OBJC_ARC = YES;
				CLANG_WARN_BOOL_CONVERSION = YES;
				CLANG_WARN_CONSTANT_CONVERSION = YES;
				CLANG_WARN_DIRECT_OBJC_ISA_USAGE = YES_ERROR;
				CLANG_WARN_EMPTY_BODY = YES;
				CLANG_WARN_ENUM_CONVERSION = YES;
				CLANG_WARN_INT_CONVERSION = YES;
				CLANG_WARN_OBJC_ROOT_CLASS = YES_ERROR;
				CLANG_WARN_UNREACHABLE_CODE = YES;
				CLANG_WARN__DUPLICATE_METHOD_MATCH = YES;
				CODE_SIGN_IDENTITY = "iPhone Developer";
				"CODE_SIGN_IDENTITY[sdk=iphoneos*]" = "iPhone Developer";
				COPY_PHASE_STRIP = NO;
				DEBUG_INFORMATION_FORMAT = dwarf;
				ENABLE_STRICT_OBJC_MSGSEND = YES;
				ENABLE_TESTABILITY = YES;
				GCC_C_LANGUAGE_STANDARD = gnu99;
				GCC_DYNAMIC_NO_PIC = NO;
				GCC_NO_COMMON_BLOCKS = YES;
				GCC_OPTIMIZATION_LEVEL = 0;
				GCC_PREPROCESSOR_DEFINITIONS = (
					"DEBUG=1",
					"$(inherited)",
				);
				GCC_WARN_64_TO_32_BIT_CONVERSION = YES;
				GCC_WARN_ABOUT_RETURN_TYPE = YES_ERROR;
				GCC_WARN_UNDECLARED_SELECTOR = YES;
				GCC_WARN_UNINITIALIZED_AUTOS = YES_AGGRESSIVE;
				GCC_WARN_UNUSED_FUNCTION = YES;
				GCC_WARN_UNUSED_VARIABLE = YES;
				IPHONEOS_DEPLOYMENT_TARGET = 9.0;
				MTL_ENABLE_DEBUG_INFO = YES;
				ONLY_ACTIVE_ARCH = YES;
				PROVISIONING_PROFILE = "0b935d5f-6563-42f9-aa41-b7d72e054309";
				SDKROOT = iphoneos;
			};
			name = Debug;
		};
		EDCA599C1D1112C300B7649D /* Release */ = {
			isa = XCBuildConfiguration;
			buildSettings = {
				ALWAYS_SEARCH_USER_PATHS = NO;
				CLANG_ANALYZER_NONNULL = YES;
				CLANG_CXX_LANGUAGE_STANDARD = "gnu++0x";
				CLANG_CXX_LIBRARY = "libc++";
				CLANG_ENABLE_MODULES = YES;
				CLANG_ENABLE_OBJC_ARC = YES;
				CLANG_WARN_BOOL_CONVERSION = YES;
				CLANG_WARN_CONSTANT_CONVERSION = YES;
				CLANG_WARN_DIRECT_OBJC_ISA_USAGE = YES_ERROR;
				CLANG_WARN_EMPTY_BODY = YES;
				CLANG_WARN_ENUM_CONVERSION = YES;
				CLANG_WARN_INT_CONVERSION = YES;
				CLANG_WARN_OBJC_ROOT_CLASS = YES_ERROR;
				CLANG_WARN_UNREACHABLE_CODE = YES;
				CLANG_WARN__DUPLICATE_METHOD_MATCH = YES;
				CODE_SIGN_IDENTITY = "iPhone Distribution";
				"CODE_SIGN_IDENTITY[sdk=iphoneos*]" = "iPhone Distribution";
				COPY_PHASE_STRIP = NO;
				DEBUG_INFORMATION_FORMAT = "dwarf-with-dsym";
				ENABLE_NS_ASSERTIONS = NO;
				ENABLE_STRICT_OBJC_MSGSEND = YES;
				GCC_C_LANGUAGE_STANDARD = gnu99;
				GCC_NO_COMMON_BLOCKS = YES;
				GCC_WARN_64_TO_32_BIT_CONVERSION = YES;
				GCC_WARN_ABOUT_RETURN_TYPE = YES_ERROR;
				GCC_WARN_UNDECLARED_SELECTOR = YES;
				GCC_WARN_UNINITIALIZED_AUTOS = YES_AGGRESSIVE;
				GCC_WARN_UNUSED_FUNCTION = YES;
				GCC_WARN_UNUSED_VARIABLE = YES;
				IPHONEOS_DEPLOYMENT_TARGET = 9.0;
				MTL_ENABLE_DEBUG_INFO = NO;
				PROVISIONING_PROFILE = "8cc69eab-aed4-4435-a390-323a7b9b83ca";
				SDKROOT = iphoneos;
				VALIDATE_PRODUCT = YES;
			};
			name = Release;
		};
		EDCA599E1D1112C300B7649D /* Debug */ = {
			isa = XCBuildConfiguration;
			baseConfigurationReference = A90B175E195E2EC75A867836 /* Pods-ElectronicMagazine.debug.xcconfig */;
			buildSettings = {
				ASSETCATALOG_COMPILER_APPICON_NAME = AppIcon;
				CODE_SIGN_ENTITLEMENTS = ElectronicMagazine/ElectronicMagazine.entitlements;
				CODE_SIGN_IDENTITY = "iPhone Developer";
				INFOPLIST_FILE = ElectronicMagazine/Info.plist;
				IPHONEOS_DEPLOYMENT_TARGET = 9.0;
				LD_RUNPATH_SEARCH_PATHS = "$(inherited) @executable_path/Frameworks";
				PRODUCT_BUNDLE_IDENTIFIER = ThePaadamCompany.ElectronicMagazine;
				PRODUCT_NAME = "$(TARGET_NAME)";
				PROVISIONING_PROFILE = "0b935d5f-6563-42f9-aa41-b7d72e054309";
			};
			name = Debug;
		};
		EDCA599F1D1112C300B7649D /* Release */ = {
			isa = XCBuildConfiguration;
			baseConfigurationReference = A53D66600F8AE9A920CA8BC6 /* Pods-ElectronicMagazine.release.xcconfig */;
			buildSettings = {
				ASSETCATALOG_COMPILER_APPICON_NAME = AppIcon;
				CODE_SIGN_ENTITLEMENTS = ElectronicMagazine/ElectronicMagazine.entitlements;
				CODE_SIGN_IDENTITY = "iPhone Developer";
				INFOPLIST_FILE = ElectronicMagazine/Info.plist;
				IPHONEOS_DEPLOYMENT_TARGET = 9.0;
				LD_RUNPATH_SEARCH_PATHS = "$(inherited) @executable_path/Frameworks";
				PRODUCT_BUNDLE_IDENTIFIER = ThePaadamCompany.ElectronicMagazine;
				PRODUCT_NAME = "$(TARGET_NAME)";
				PROVISIONING_PROFILE = "8cc69eab-aed4-4435-a390-323a7b9b83ca";
			};
			name = Release;
		};
		EDECCB851D11AF9D002D7330 /* Debug */ = {
			isa = XCBuildConfiguration;
			buildSettings = {
				CODE_SIGN_ENTITLEMENTS = ElectronicMagazineShare/ElectronicMagazineShare.entitlements;
				CODE_SIGN_IDENTITY = "iPhone Developer";
				INFOPLIST_FILE = ElectronicMagazineShare/Info.plist;
				IPHONEOS_DEPLOYMENT_TARGET = 9.3;
				LD_RUNPATH_SEARCH_PATHS = "$(inherited) @executable_path/Frameworks @executable_path/../../Frameworks";
				PRODUCT_BUNDLE_IDENTIFIER = ThePaadamCompany.ElectronicMagazine.ElectronicMagazineShare;
				PRODUCT_NAME = "$(TARGET_NAME)";
				PROVISIONING_PROFILE = "58e10eca-a199-461c-a02b-e1c5f8b1536d";
				SKIP_INSTALL = YES;
			};
			name = Debug;
		};
		EDECCB861D11AF9D002D7330 /* Release */ = {
			isa = XCBuildConfiguration;
			buildSettings = {
				CODE_SIGN_ENTITLEMENTS = ElectronicMagazineShare/ElectronicMagazineShare.entitlements;
				CODE_SIGN_IDENTITY = "iPhone Developer";
				"CODE_SIGN_IDENTITY[sdk=iphoneos*]" = "iPhone Developer";
				INFOPLIST_FILE = ElectronicMagazineShare/Info.plist;
				IPHONEOS_DEPLOYMENT_TARGET = 9.3;
				LD_RUNPATH_SEARCH_PATHS = "$(inherited) @executable_path/Frameworks @executable_path/../../Frameworks";
				PRODUCT_BUNDLE_IDENTIFIER = ThePaadamCompany.ElectronicMagazine.ElectronicMagazineShare;
				PRODUCT_NAME = "$(TARGET_NAME)";
				PROVISIONING_PROFILE = "d1f97bdb-195c-4bae-8143-13f049c54cf9";
				SKIP_INSTALL = YES;
			};
			name = Release;
		};
/* End XCBuildConfiguration section */

/* Begin XCConfigurationList section */
		EDCA597E1D1112C300B7649D /* Build configuration list for PBXProject "ElectronicMagazine" */ = {
			isa = XCConfigurationList;
			buildConfigurations = (
				EDCA599B1D1112C300B7649D /* Debug */,
				EDCA599C1D1112C300B7649D /* Release */,
			);
			defaultConfigurationIsVisible = 0;
			defaultConfigurationName = Release;
		};
		EDCA599D1D1112C300B7649D /* Build configuration list for PBXNativeTarget "ElectronicMagazine" */ = {
			isa = XCConfigurationList;
			buildConfigurations = (
				EDCA599E1D1112C300B7649D /* Debug */,
				EDCA599F1D1112C300B7649D /* Release */,
			);
			defaultConfigurationIsVisible = 0;
			defaultConfigurationName = Release;
		};
		EDECCB841D11AF9D002D7330 /* Build configuration list for PBXNativeTarget "ElectronicMagazineShare" */ = {
			isa = XCConfigurationList;
			buildConfigurations = (
				EDECCB851D11AF9D002D7330 /* Debug */,
				EDECCB861D11AF9D002D7330 /* Release */,
			);
			defaultConfigurationIsVisible = 0;
			defaultConfigurationName = Release;
		};
/* End XCConfigurationList section */

/* Begin XCVersionGroup section */
		EDCA59921D1112C300B7649D /* ElectronicMagazine.xcdatamodeld */ = {
			isa = XCVersionGroup;
			children = (
				EDCA59931D1112C300B7649D /* ElectronicMagazine.xcdatamodel */,
			);
			currentVersion = EDCA59931D1112C300B7649D /* ElectronicMagazine.xcdatamodel */;
			path = ElectronicMagazine.xcdatamodeld;
			sourceTree = "<group>";
			versionGroupType = wrapper.xcdatamodel;
		};
/* End XCVersionGroup section */
	};
	rootObject = EDCA597B1D1112C300B7649D /* Project object */;
}
